
Microsoft Visual Studio Solution File, Format Version 12.00
# Visual Studio Version 16
VisualStudioVersion = 16.0.31911.196
MinimumVisualStudioVersion = 10.0.40219.1
Project("{9A19103F-16F7-4668-BE54-9A1E7A4F7556}") = "WOL_AE", "WOL_AE.csproj", "{C60A9504-1160-4117-8E58-527F6C888F4C}"
EndProject
Global
	GlobalSection(SolutionConfigurationPlatforms) = preSolution
		Debug|Any CPU = Debug|Any CPU
		Release|Any CPU = Release|Any CPU
	EndGlobalSection
	GlobalSection(ProjectConfigurationPlatforms) = postSolution
		{C60A9504-1160-4117-8E58-527F6C888F4C}.Debug|Any CPU.ActiveCfg = Debug|Any CPU
		{C60A9504-1160-4117-8E58-527F6C888F4C}.Debug|Any CPU.Build.0 = Debug|Any CPU
		{C60A9504-1160-4117-8E58-527F6C888F4C}.Release|Any CPU.ActiveCfg = Release|Any CPU
		{C60A9504-1160-4117-8E58-527F6C888F4C}.Release|Any CPU.Build.0 = Release|Any CPU
	EndGlobalSection
	GlobalSection(SolutionProperties) = preSolution
		HideSolutionNode = FALSE
	EndGlobalSection
	GlobalSection(ExtensibilityGlobals) = postSolution
		SolutionGuid = {81EE2A47-F5F8-44DC-95E5-EC5A7723320F}
	EndGlobalSection
EndGlobal
